
Microsoft Visual Studio Solution File, Format Version 12.00
# Visual Studio Version 17
VisualStudioVersion = 17.4.33213.308
MinimumVisualStudioVersion = 10.0.40219.1
Project("{FAE04EC0-301F-11D3-BF4B-00C04F79EFBC}") = "code", "code\code.csproj", "{09E8B7B6-66DB-4312-A7C8-DAB897BEC3E5}"
EndProject
Global
	GlobalSection(SolutionConfigurationPlatforms) = preSolution
		Debug|Any CPU = Debug|Any CPU
		Release|Any CPU = Release|Any CPU
	EndGlobalSection
	GlobalSection(ProjectConfigurationPlatforms) = postSolution
		{09E8B7B6-66DB-4312-A7C8-DAB897BEC3E5}.Debug|Any CPU.ActiveCfg = Debug|Any CPU
		{09E8B7B6-66DB-4312-A7C8-DAB897BEC3E5}.Debug|Any CPU.Build.0 = Debug|Any CPU
		{09E8B7B6-66DB-4312-A7C8-DAB897BEC3E5}.Release|Any CPU.ActiveCfg = Release|Any CPU
		{09E8B7B6-66DB-4312-A7C8-DAB897BEC3E5}.Release|Any CPU.Build.0 = Release|Any CPU
	EndGlobalSection
	GlobalSection(SolutionProperties) = preSolution
		HideSolutionNode = FALSE
	EndGlobalSection
	GlobalSection(ExtensibilityGlobals) = postSolution
		SolutionGuid = {12A9030F-1674-4D80-858E-89249D01BFF0}
	EndGlobalSection
EndGlobal
